// !$*UTF8*$!
{
	archiveVersion = 1;
	classes = {
	};
	objectVersion = 46;
	objects = {

/* Begin PBXBuildFile section */
		62380E101D3CCC2B00CF2135 /* CLTokenInputView.framework in Frameworks */ = {isa = PBXBuildFile; fileRef = 62380E091D3CCC2B00CF2135 /* CLTokenInputView.framework */; };
		62380E111D3CCC2B00CF2135 /* CLTokenInputView.framework in Embed Frameworks */ = {isa = PBXBuildFile; fileRef = 62380E091D3CCC2B00CF2135 /* CLTokenInputView.framework */; settings = {ATTRIBUTES = (CodeSignOnCopy, RemoveHeadersOnCopy, ); }; };
		62A9EEF21ECDEAC4001B3C2E /* CLAppDelegate.m in Sources */ = {isa = PBXBuildFile; fileRef = 62A9EEDD1ECDEAC4001B3C2E /* CLAppDelegate.m */; };
		62A9EEF41ECDEAC4001B3C2E /* CLTokenInputViewController.m in Sources */ = {isa = PBXBuildFile; fileRef = 62A9EEE11ECDEAC4001B3C2E /* CLTokenInputViewController.m */; };
		62A9EEF51ECDEAC4001B3C2E /* CLTokenInputViewController.xib in Resources */ = {isa = PBXBuildFile; fileRef = 62A9EEE21ECDEAC4001B3C2E /* CLTokenInputViewController.xib */; };
		62A9EEF61ECDEAC4001B3C2E /* InfoPlist.strings in Resources */ = {isa = PBXBuildFile; fileRef = 62A9EEE31ECDEAC4001B3C2E /* InfoPlist.strings */; };
		62A9EEF71ECDEAC4001B3C2E /* Images.xcassets in Resources */ = {isa = PBXBuildFile; fileRef = 62A9EEE51ECDEAC4001B3C2E /* Images.xcassets */; };
		62A9EEF81ECDEAC4001B3C2E /* LaunchScreen.storyboard in Resources */ = {isa = PBXBuildFile; fileRef = 62A9EEE61ECDEAC4001B3C2E /* LaunchScreen.storyboard */; };
		62A9EEF91ECDEAC4001B3C2E /* main.m in Sources */ = {isa = PBXBuildFile; fileRef = 62A9EEE71ECDEAC4001B3C2E /* main.m */; };
		62A9EEFF1ECDEBF2001B3C2E /* CLTokenInputViewFramework.h in Headers */ = {isa = PBXBuildFile; fileRef = 62A9EED91ECDEAC4001B3C2E /* CLTokenInputViewFramework.h */; settings = {ATTRIBUTES = (Public, ); }; };
		62A9EF001ECDEC01001B3C2E /* CLBackspaceDetectingTextField.h in Headers */ = {isa = PBXBuildFile; fileRef = 62A9EEE91ECDEAC4001B3C2E /* CLBackspaceDetectingTextField.h */; settings = {ATTRIBUTES = (Public, ); }; };
		62A9EF011ECDEC01001B3C2E /* CLToken.h in Headers */ = {isa = PBXBuildFile; fileRef = 62A9EEEB1ECDEAC4001B3C2E /* CLToken.h */; settings = {ATTRIBUTES = (Public, ); }; };
		62A9EF021ECDEC01001B3C2E /* CLTokenInputView.h in Headers */ = {isa = PBXBuildFile; fileRef = 62A9EEED1ECDEAC4001B3C2E /* CLTokenInputView.h */; settings = {ATTRIBUTES = (Public, ); }; };
		62A9EF031ECDEC01001B3C2E /* CLTokenView.h in Headers */ = {isa = PBXBuildFile; fileRef = 62A9EEEF1ECDEAC4001B3C2E /* CLTokenView.h */; settings = {ATTRIBUTES = (Public, ); }; };
		62A9EF051ECDEC3A001B3C2E /* XCTest.framework in Frameworks */ = {isa = PBXBuildFile; fileRef = 62A9EF041ECDEC3A001B3C2E /* XCTest.framework */; };
		62A9EF061ECDECE3001B3C2E /* CLBackspaceDetectingTextField.m in Sources */ = {isa = PBXBuildFile; fileRef = 62A9EEEA1ECDEAC4001B3C2E /* CLBackspaceDetectingTextField.m */; };
		62A9EF071ECDECE3001B3C2E /* CLToken.m in Sources */ = {isa = PBXBuildFile; fileRef = 62A9EEEC1ECDEAC4001B3C2E /* CLToken.m */; };
		62A9EF081ECDECE3001B3C2E /* CLTokenInputView.m in Sources */ = {isa = PBXBuildFile; fileRef = 62A9EEEE1ECDEAC4001B3C2E /* CLTokenInputView.m */; };
		62A9EF091ECDECE3001B3C2E /* CLTokenView.m in Sources */ = {isa = PBXBuildFile; fileRef = 62A9EEF01ECDEAC4001B3C2E /* CLTokenView.m */; };
		62A9EF0A1ECDED80001B3C2E /* UIKit.framework in Frameworks */ = {isa = PBXBuildFile; fileRef = 65B16B8118BC16F6003AA819 /* UIKit.framework */; };
		62A9EF0B1ECDED84001B3C2E /* Foundation.framework in Frameworks */ = {isa = PBXBuildFile; fileRef = 65B16B7D18BC16F6003AA819 /* Foundation.framework */; };
		62A9EF0D1ECDED89001B3C2E /* QuartzCore.framework in Frameworks */ = {isa = PBXBuildFile; fileRef = 62A9EF0C1ECDED89001B3C2E /* QuartzCore.framework */; };
		65B16B7E18BC16F6003AA819 /* Foundation.framework in Frameworks */ = {isa = PBXBuildFile; fileRef = 65B16B7D18BC16F6003AA819 /* Foundation.framework */; };
		65B16B8018BC16F6003AA819 /* CoreGraphics.framework in Frameworks */ = {isa = PBXBuildFile; fileRef = 65B16B7F18BC16F6003AA819 /* CoreGraphics.framework */; };
		65B16B8218BC16F6003AA819 /* UIKit.framework in Frameworks */ = {isa = PBXBuildFile; fileRef = 65B16B8118BC16F6003AA819 /* UIKit.framework */; };
		65B16B9818BC16F7003AA819 /* Foundation.framework in Frameworks */ = {isa = PBXBuildFile; fileRef = 65B16B7D18BC16F6003AA819 /* Foundation.framework */; };
		65B16B9918BC16F7003AA819 /* UIKit.framework in Frameworks */ = {isa = PBXBuildFile; fileRef = 65B16B8118BC16F6003AA819 /* UIKit.framework */; };
		65B16BA118BC16F7003AA819 /* InfoPlist.strings in Resources */ = {isa = PBXBuildFile; fileRef = 65B16B9F18BC16F7003AA819 /* InfoPlist.strings */; };
		65B16BA318BC16F7003AA819 /* CLTokenInputViewTests.m in Sources */ = {isa = PBXBuildFile; fileRef = 65B16BA218BC16F7003AA819 /* CLTokenInputViewTests.m */; };
/* End PBXBuildFile section */

/* Begin PBXContainerItemProxy section */
		62380E0E1D3CCC2B00CF2135 /* PBXContainerItemProxy */ = {
			isa = PBXContainerItemProxy;
			containerPortal = 65B16B7218BC16F6003AA819 /* Project object */;
			proxyType = 1;
			remoteGlobalIDString = 62380E081D3CCC2B00CF2135;
			remoteInfo = CLTokenInputViewFramework;
		};
		65B16B9A18BC16F7003AA819 /* PBXContainerItemProxy */ = {
			isa = PBXContainerItemProxy;
			containerPortal = 65B16B7218BC16F6003AA819 /* Project object */;
			proxyType = 1;
			remoteGlobalIDString = 65B16B7918BC16F6003AA819;
			remoteInfo = CLTokenInputView;
		};
/* End PBXContainerItemProxy section */

/* Begin PBXCopyFilesBuildPhase section */
		62380E151D3CCC2B00CF2135 /* Embed Frameworks */ = {
			isa = PBXCopyFilesBuildPhase;
			buildActionMask = 2147483647;
			dstPath = "";
			dstSubfolderSpec = 10;
			files = (
				62380E111D3CCC2B00CF2135 /* CLTokenInputView.framework in Embed Frameworks */,
			);
			name = "Embed Frameworks";
			runOnlyForDeploymentPostprocessing = 0;
		};
/* End PBXCopyFilesBuildPhase section */

/* Begin PBXFileReference section */
		62380E091D3CCC2B00CF2135 /* CLTokenInputView.framework */ = {isa = PBXFileReference; explicitFileType = wrapper.framework; includeInIndex = 0; path = CLTokenInputView.framework; sourceTree = BUILT_PRODUCTS_DIR; };
		62A9EED91ECDEAC4001B3C2E /* CLTokenInputViewFramework.h */ = {isa = PBXFileReference; fileEncoding = 4; lastKnownFileType = sourcecode.c.h; path = CLTokenInputViewFramework.h; sourceTree = "<group>"; };
		62A9EEDA1ECDEAC4001B3C2E /* Info.plist */ = {isa = PBXFileReference; fileEncoding = 4; lastKnownFileType = text.plist.xml; path = Info.plist; sourceTree = "<group>"; };
		62A9EEDC1ECDEAC4001B3C2E /* CLAppDelegate.h */ = {isa = PBXFileReference; fileEncoding = 4; lastKnownFileType = sourcecode.c.h; path = CLAppDelegate.h; sourceTree = "<group>"; };
		62A9EEDD1ECDEAC4001B3C2E /* CLAppDelegate.m */ = {isa = PBXFileReference; fileEncoding = 4; lastKnownFileType = sourcecode.c.objc; path = CLAppDelegate.m; sourceTree = "<group>"; };
		62A9EEDE1ECDEAC4001B3C2E /* Info.plist */ = {isa = PBXFileReference; fileEncoding = 4; lastKnownFileType = text.plist.xml; path = Info.plist; sourceTree = "<group>"; };
		62A9EEE01ECDEAC4001B3C2E /* CLTokenInputViewController.h */ = {isa = PBXFileReference; fileEncoding = 4; lastKnownFileType = sourcecode.c.h; path = CLTokenInputViewController.h; sourceTree = "<group>"; };
		62A9EEE11ECDEAC4001B3C2E /* CLTokenInputViewController.m */ = {isa = PBXFileReference; fileEncoding = 4; lastKnownFileType = sourcecode.c.objc; path = CLTokenInputViewController.m; sourceTree = "<group>"; };
		62A9EEE21ECDEAC4001B3C2E /* CLTokenInputViewController.xib */ = {isa = PBXFileReference; fileEncoding = 4; lastKnownFileType = file.xib; path = CLTokenInputViewController.xib; sourceTree = "<group>"; };
		62A9EEE41ECDEAC4001B3C2E /* en */ = {isa = PBXFileReference; lastKnownFileType = text.plist.strings; name = en; path = en.lproj/InfoPlist.strings; sourceTree = "<group>"; };
		62A9EEE51ECDEAC4001B3C2E /* Images.xcassets */ = {isa = PBXFileReference; lastKnownFileType = folder.assetcatalog; path = Images.xcassets; sourceTree = "<group>"; };
		62A9EEE61ECDEAC4001B3C2E /* LaunchScreen.storyboard */ = {isa = PBXFileReference; fileEncoding = 4; lastKnownFileType = file.storyboard; path = LaunchScreen.storyboard; sourceTree = "<group>"; };
		62A9EEE71ECDEAC4001B3C2E /* main.m */ = {isa = PBXFileReference; fileEncoding = 4; lastKnownFileType = sourcecode.c.objc; path = main.m; sourceTree = "<group>"; };
		62A9EEE91ECDEAC4001B3C2E /* CLBackspaceDetectingTextField.h */ = {isa = PBXFileReference; fileEncoding = 4; lastKnownFileType = sourcecode.c.h; path = CLBackspaceDetectingTextField.h; sourceTree = "<group>"; };
		62A9EEEA1ECDEAC4001B3C2E /* CLBackspaceDetectingTextField.m */ = {isa = PBXFileReference; fileEncoding = 4; lastKnownFileType = sourcecode.c.objc; path = CLBackspaceDetectingTextField.m; sourceTree = "<group>"; };
		62A9EEEB1ECDEAC4001B3C2E /* CLToken.h */ = {isa = PBXFileReference; fileEncoding = 4; lastKnownFileType = sourcecode.c.h; path = CLToken.h; sourceTree = "<group>"; };
		62A9EEEC1ECDEAC4001B3C2E /* CLToken.m */ = {isa = PBXFileReference; fileEncoding = 4; lastKnownFileType = sourcecode.c.objc; path = CLToken.m; sourceTree = "<group>"; };
		62A9EEED1ECDEAC4001B3C2E /* CLTokenInputView.h */ = {isa = PBXFileReference; fileEncoding = 4; lastKnownFileType = sourcecode.c.h; path = CLTokenInputView.h; sourceTree = "<group>"; };
		62A9EEEE1ECDEAC4001B3C2E /* CLTokenInputView.m */ = {isa = PBXFileReference; fileEncoding = 4; lastKnownFileType = sourcecode.c.objc; path = CLTokenInputView.m; sourceTree = "<group>"; };
		62A9EEEF1ECDEAC4001B3C2E /* CLTokenView.h */ = {isa = PBXFileReference; fileEncoding = 4; lastKnownFileType = sourcecode.c.h; path = CLTokenView.h; sourceTree = "<group>"; };
		62A9EEF01ECDEAC4001B3C2E /* CLTokenView.m */ = {isa = PBXFileReference; fileEncoding = 4; lastKnownFileType = sourcecode.c.objc; path = CLTokenView.m; sourceTree = "<group>"; };
		62A9EF041ECDEC3A001B3C2E /* XCTest.framework */ = {isa = PBXFileReference; lastKnownFileType = wrapper.framework; name = XCTest.framework; path = Platforms/iPhoneOS.platform/Developer/Library/Frameworks/XCTest.framework; sourceTree = DEVELOPER_DIR; };
		62A9EF0C1ECDED89001B3C2E /* QuartzCore.framework */ = {isa = PBXFileReference; lastKnownFileType = wrapper.framework; name = QuartzCore.framework; path = System/Library/Frameworks/QuartzCore.framework; sourceTree = SDKROOT; };
		65B16B7A18BC16F6003AA819 /* CLTokenInputViewExample.app */ = {isa = PBXFileReference; explicitFileType = wrapper.application; includeInIndex = 0; path = CLTokenInputViewExample.app; sourceTree = BUILT_PRODUCTS_DIR; };
		65B16B7D18BC16F6003AA819 /* Foundation.framework */ = {isa = PBXFileReference; lastKnownFileType = wrapper.framework; name = Foundation.framework; path = System/Library/Frameworks/Foundation.framework; sourceTree = SDKROOT; };
		65B16B7F18BC16F6003AA819 /* CoreGraphics.framework */ = {isa = PBXFileReference; lastKnownFileType = wrapper.framework; name = CoreGraphics.framework; path = System/Library/Frameworks/CoreGraphics.framework; sourceTree = SDKROOT; };
		65B16B8118BC16F6003AA819 /* UIKit.framework */ = {isa = PBXFileReference; lastKnownFileType = wrapper.framework; name = UIKit.framework; path = System/Library/Frameworks/UIKit.framework; sourceTree = SDKROOT; };
		65B16B9518BC16F7003AA819 /* CLTokenInputViewTests.xctest */ = {isa = PBXFileReference; explicitFileType = wrapper.cfbundle; includeInIndex = 0; path = CLTokenInputViewTests.xctest; sourceTree = BUILT_PRODUCTS_DIR; };
		65B16B9E18BC16F7003AA819 /* Info.plist */ = {isa = PBXFileReference; lastKnownFileType = text.plist.xml; path = Info.plist; sourceTree = "<group>"; };
		65B16BA018BC16F7003AA819 /* en */ = {isa = PBXFileReference; lastKnownFileType = text.plist.strings; name = en; path = en.lproj/InfoPlist.strings; sourceTree = "<group>"; };
		65B16BA218BC16F7003AA819 /* CLTokenInputViewTests.m */ = {isa = PBXFileReference; lastKnownFileType = sourcecode.c.objc; path = CLTokenInputViewTests.m; sourceTree = "<group>"; };
/* End PBXFileReference section */

/* Begin PBXFrameworksBuildPhase section */
		62380E051D3CCC2B00CF2135 /* Frameworks */ = {
			isa = PBXFrameworksBuildPhase;
			buildActionMask = 2147483647;
			files = (
				62A9EF0D1ECDED89001B3C2E /* QuartzCore.framework in Frameworks */,
				62A9EF0B1ECDED84001B3C2E /* Foundation.framework in Frameworks */,
				62A9EF0A1ECDED80001B3C2E /* UIKit.framework in Frameworks */,
			);
			runOnlyForDeploymentPostprocessing = 0;
		};
		65B16B7718BC16F6003AA819 /* Frameworks */ = {
			isa = PBXFrameworksBuildPhase;
			buildActionMask = 2147483647;
			files = (
				62380E101D3CCC2B00CF2135 /* CLTokenInputView.framework in Frameworks */,
				65B16B8018BC16F6003AA819 /* CoreGraphics.framework in Frameworks */,
				65B16B8218BC16F6003AA819 /* UIKit.framework in Frameworks */,
				65B16B7E18BC16F6003AA819 /* Foundation.framework in Frameworks */,
			);
			runOnlyForDeploymentPostprocessing = 0;
		};
		65B16B9218BC16F7003AA819 /* Frameworks */ = {
			isa = PBXFrameworksBuildPhase;
			buildActionMask = 2147483647;
			files = (
				62A9EF051ECDEC3A001B3C2E /* XCTest.framework in Frameworks */,
				65B16B9918BC16F7003AA819 /* UIKit.framework in Frameworks */,
				65B16B9818BC16F7003AA819 /* Foundation.framework in Frameworks */,
			);
			runOnlyForDeploymentPostprocessing = 0;
		};
/* End PBXFrameworksBuildPhase section */

/* Begin PBXGroup section */
		62A9EED81ECDEAC4001B3C2E /* CLTokenInputView */ = {
			isa = PBXGroup;
			children = (
				62A9EED91ECDEAC4001B3C2E /* CLTokenInputViewFramework.h */,
				62A9EEDA1ECDEAC4001B3C2E /* Info.plist */,
			);
			path = CLTokenInputView;
			sourceTree = "<group>";
		};
		62A9EEDB1ECDEAC4001B3C2E /* CLTokenInputViewExample */ = {
			isa = PBXGroup;
			children = (
				62A9EEDC1ECDEAC4001B3C2E /* CLAppDelegate.h */,
				62A9EEDD1ECDEAC4001B3C2E /* CLAppDelegate.m */,
				62A9EEE01ECDEAC4001B3C2E /* CLTokenInputViewController.h */,
				62A9EEE11ECDEAC4001B3C2E /* CLTokenInputViewController.m */,
				62A9EEE21ECDEAC4001B3C2E /* CLTokenInputViewController.xib */,
				62A9EEE51ECDEAC4001B3C2E /* Images.xcassets */,
				62A9EEE61ECDEAC4001B3C2E /* LaunchScreen.storyboard */,
				62A9EEFE1ECDEADD001B3C2E /* Supporting Files */,
			);
			path = CLTokenInputViewExample;
			sourceTree = "<group>";
		};
		62A9EEE81ECDEAC4001B3C2E /* Source */ = {
			isa = PBXGroup;
			children = (
				62A9EEE91ECDEAC4001B3C2E /* CLBackspaceDetectingTextField.h */,
				62A9EEEA1ECDEAC4001B3C2E /* CLBackspaceDetectingTextField.m */,
				62A9EEEB1ECDEAC4001B3C2E /* CLToken.h */,
				62A9EEEC1ECDEAC4001B3C2E /* CLToken.m */,
				62A9EEED1ECDEAC4001B3C2E /* CLTokenInputView.h */,
				62A9EEEE1ECDEAC4001B3C2E /* CLTokenInputView.m */,
				62A9EEEF1ECDEAC4001B3C2E /* CLTokenView.h */,
				62A9EEF01ECDEAC4001B3C2E /* CLTokenView.m */,
			);
			path = Source;
			sourceTree = "<group>";
		};
		62A9EEFE1ECDEADD001B3C2E /* Supporting Files */ = {
			isa = PBXGroup;
			children = (
				62A9EEE71ECDEAC4001B3C2E /* main.m */,
				62A9EEDE1ECDEAC4001B3C2E /* Info.plist */,
				62A9EEE31ECDEAC4001B3C2E /* InfoPlist.strings */,
			);
			name = "Supporting Files";
			sourceTree = "<group>";
		};
		65B16B7118BC16F6003AA819 = {
			isa = PBXGroup;
			children = (
				62A9EEE81ECDEAC4001B3C2E /* Source */,
				62A9EEDB1ECDEAC4001B3C2E /* CLTokenInputViewExample */,
				62A9EED81ECDEAC4001B3C2E /* CLTokenInputView */,
				65B16B9C18BC16F7003AA819 /* CLTokenInputViewTests */,
				65B16B7C18BC16F6003AA819 /* Frameworks */,
				65B16B7B18BC16F6003AA819 /* Products */,
			);
			sourceTree = "<group>";
		};
		65B16B7B18BC16F6003AA819 /* Products */ = {
			isa = PBXGroup;
			children = (
				65B16B7A18BC16F6003AA819 /* CLTokenInputViewExample.app */,
				65B16B9518BC16F7003AA819 /* CLTokenInputViewTests.xctest */,
				62380E091D3CCC2B00CF2135 /* CLTokenInputView.framework */,
			);
			name = Products;
			sourceTree = "<group>";
		};
		65B16B7C18BC16F6003AA819 /* Frameworks */ = {
			isa = PBXGroup;
			children = (
				62A9EF0C1ECDED89001B3C2E /* QuartzCore.framework */,
				62A9EF041ECDEC3A001B3C2E /* XCTest.framework */,
				65B16B7D18BC16F6003AA819 /* Foundation.framework */,
				65B16B7F18BC16F6003AA819 /* CoreGraphics.framework */,
				65B16B8118BC16F6003AA819 /* UIKit.framework */,
			);
			name = Frameworks;
			sourceTree = "<group>";
		};
		65B16B9C18BC16F7003AA819 /* CLTokenInputViewTests */ = {
			isa = PBXGroup;
			children = (
				65B16BA218BC16F7003AA819 /* CLTokenInputViewTests.m */,
				65B16B9D18BC16F7003AA819 /* Supporting Files */,
			);
			path = CLTokenInputViewTests;
			sourceTree = "<group>";
		};
		65B16B9D18BC16F7003AA819 /* Supporting Files */ = {
			isa = PBXGroup;
			children = (
				65B16B9E18BC16F7003AA819 /* Info.plist */,
				65B16B9F18BC16F7003AA819 /* InfoPlist.strings */,
			);
			name = "Supporting Files";
			sourceTree = "<group>";
		};
/* End PBXGroup section */

/* Begin PBXHeadersBuildPhase section */
		62380E061D3CCC2B00CF2135 /* Headers */ = {
			isa = PBXHeadersBuildPhase;
			buildActionMask = 2147483647;
			files = (
				62A9EF021ECDEC01001B3C2E /* CLTokenInputView.h in Headers */,
				62A9EEFF1ECDEBF2001B3C2E /* CLTokenInputViewFramework.h in Headers */,
				62A9EF001ECDEC01001B3C2E /* CLBackspaceDetectingTextField.h in Headers */,
				62A9EF011ECDEC01001B3C2E /* CLToken.h in Headers */,
				62A9EF031ECDEC01001B3C2E /* CLTokenView.h in Headers */,
			);
			runOnlyForDeploymentPostprocessing = 0;
		};
/* End PBXHeadersBuildPhase section */

/* Begin PBXNativeTarget section */
		62380E081D3CCC2B00CF2135 /* CLTokenInputView */ = {
			isa = PBXNativeTarget;
			buildConfigurationList = 62380E141D3CCC2B00CF2135 /* Build configuration list for PBXNativeTarget "CLTokenInputView" */;
			buildPhases = (
				62380E041D3CCC2B00CF2135 /* Sources */,
				62380E051D3CCC2B00CF2135 /* Frameworks */,
				62380E061D3CCC2B00CF2135 /* Headers */,
				62380E071D3CCC2B00CF2135 /* Resources */,
			);
			buildRules = (
			);
			dependencies = (
			);
			name = CLTokenInputView;
			productName = CLTokenInputViewFramework;
			productReference = 62380E091D3CCC2B00CF2135 /* CLTokenInputView.framework */;
			productType = "com.apple.product-type.framework";
		};
		65B16B7918BC16F6003AA819 /* CLTokenInputViewExample */ = {
			isa = PBXNativeTarget;
			buildConfigurationList = 65B16BA618BC16F7003AA819 /* Build configuration list for PBXNativeTarget "CLTokenInputViewExample" */;
			buildPhases = (
				65B16B7618BC16F6003AA819 /* Sources */,
				65B16B7718BC16F6003AA819 /* Frameworks */,
				65B16B7818BC16F6003AA819 /* Resources */,
				62380E151D3CCC2B00CF2135 /* Embed Frameworks */,
			);
			buildRules = (
			);
			dependencies = (
				62380E0F1D3CCC2B00CF2135 /* PBXTargetDependency */,
			);
			name = CLTokenInputViewExample;
			productName = CLTokenInputView;
			productReference = 65B16B7A18BC16F6003AA819 /* CLTokenInputViewExample.app */;
			productType = "com.apple.product-type.application";
		};
		65B16B9418BC16F7003AA819 /* CLTokenInputViewTests */ = {
			isa = PBXNativeTarget;
			buildConfigurationList = 65B16BA918BC16F7003AA819 /* Build configuration list for PBXNativeTarget "CLTokenInputViewTests" */;
			buildPhases = (
				65B16B9118BC16F7003AA819 /* Sources */,
				65B16B9218BC16F7003AA819 /* Frameworks */,
				65B16B9318BC16F7003AA819 /* Resources */,
			);
			buildRules = (
			);
			dependencies = (
				65B16B9B18BC16F7003AA819 /* PBXTargetDependency */,
			);
			name = CLTokenInputViewTests;
			productName = CLTokenInputViewTests;
			productReference = 65B16B9518BC16F7003AA819 /* CLTokenInputViewTests.xctest */;
			productType = "com.apple.product-type.bundle.unit-test";
		};
/* End PBXNativeTarget section */

/* Begin PBXProject section */
		65B16B7218BC16F6003AA819 /* Project object */ = {
			isa = PBXProject;
			attributes = {
				CLASSPREFIX = CL;
				LastUpgradeCheck = 0700;
				ORGANIZATIONNAME = "Cluster Labs, Inc.";
				TargetAttributes = {
					62380E081D3CCC2B00CF2135 = {
						CreatedOnToolsVersion = 7.3.1;
					};
					65B16B9418BC16F7003AA819 = {
						TestTargetID = 65B16B7918BC16F6003AA819;
					};
				};
			};
			buildConfigurationList = 65B16B7518BC16F6003AA819 /* Build configuration list for PBXProject "CLTokenInputView" */;
			compatibilityVersion = "Xcode 3.2";
			developmentRegion = English;
			hasScannedForEncodings = 0;
			knownRegions = (
				en,
			);
			mainGroup = 65B16B7118BC16F6003AA819;
			productRefGroup = 65B16B7B18BC16F6003AA819 /* Products */;
			projectDirPath = "";
			projectRoot = "";
			targets = (
				62380E081D3CCC2B00CF2135 /* CLTokenInputView */,
				65B16B9418BC16F7003AA819 /* CLTokenInputViewTests */,
				65B16B7918BC16F6003AA819 /* CLTokenInputViewExample */,
			);
		};
/* End PBXProject section */

/* Begin PBXResourcesBuildPhase section */
		62380E071D3CCC2B00CF2135 /* Resources */ = {
			isa = PBXResourcesBuildPhase;
			buildActionMask = 2147483647;
			files = (
			);
			runOnlyForDeploymentPostprocessing = 0;
		};
		65B16B7818BC16F6003AA819 /* Resources */ = {
			isa = PBXResourcesBuildPhase;
			buildActionMask = 2147483647;
			files = (
				62A9EEF71ECDEAC4001B3C2E /* Images.xcassets in Resources */,
				62A9EEF61ECDEAC4001B3C2E /* InfoPlist.strings in Resources */,
				62A9EEF81ECDEAC4001B3C2E /* LaunchScreen.storyboard in Resources */,
				62A9EEF51ECDEAC4001B3C2E /* CLTokenInputViewController.xib in Resources */,
			);
			runOnlyForDeploymentPostprocessing = 0;
		};
		65B16B9318BC16F7003AA819 /* Resources */ = {
			isa = PBXResourcesBuildPhase;
			buildActionMask = 2147483647;
			files = (
				65B16BA118BC16F7003AA819 /* InfoPlist.strings in Resources */,
			);
			runOnlyForDeploymentPostprocessing = 0;
		};
/* End PBXResourcesBuildPhase section */

/* Begin PBXSourcesBuildPhase section */
		62380E041D3CCC2B00CF2135 /* Sources */ = {
			isa = PBXSourcesBuildPhase;
			buildActionMask = 2147483647;
			files = (
				62A9EF071ECDECE3001B3C2E /* CLToken.m in Sources */,
				62A9EF081ECDECE3001B3C2E /* CLTokenInputView.m in Sources */,
				62A9EF061ECDECE3001B3C2E /* CLBackspaceDetectingTextField.m in Sources */,
				62A9EF091ECDECE3001B3C2E /* CLTokenView.m in Sources */,
			);
			runOnlyForDeploymentPostprocessing = 0;
		};
		65B16B7618BC16F6003AA819 /* Sources */ = {
			isa = PBXSourcesBuildPhase;
			buildActionMask = 2147483647;
			files = (
				62A9EEF41ECDEAC4001B3C2E /* CLTokenInputViewController.m in Sources */,
				62A9EEF91ECDEAC4001B3C2E /* main.m in Sources */,
				62A9EEF21ECDEAC4001B3C2E /* CLAppDelegate.m in Sources */,
			);
			runOnlyForDeploymentPostprocessing = 0;
		};
		65B16B9118BC16F7003AA819 /* Sources */ = {
			isa = PBXSourcesBuildPhase;
			buildActionMask = 2147483647;
			files = (
				65B16BA318BC16F7003AA819 /* CLTokenInputViewTests.m in Sources */,
			);
			runOnlyForDeploymentPostprocessing = 0;
		};
/* End PBXSourcesBuildPhase section */

/* Begin PBXTargetDependency section */
		62380E0F1D3CCC2B00CF2135 /* PBXTargetDependency */ = {
			isa = PBXTargetDependency;
			target = 62380E081D3CCC2B00CF2135 /* CLTokenInputView */;
			targetProxy = 62380E0E1D3CCC2B00CF2135 /* PBXContainerItemProxy */;
		};
		65B16B9B18BC16F7003AA819 /* PBXTargetDependency */ = {
			isa = PBXTargetDependency;
			target = 65B16B7918BC16F6003AA819 /* CLTokenInputViewExample */;
			targetProxy = 65B16B9A18BC16F7003AA819 /* PBXContainerItemProxy */;
		};
/* End PBXTargetDependency section */

/* Begin PBXVariantGroup section */
		62A9EEE31ECDEAC4001B3C2E /* InfoPlist.strings */ = {
			isa = PBXVariantGroup;
			children = (
				62A9EEE41ECDEAC4001B3C2E /* en */,
			);
			name = InfoPlist.strings;
			sourceTree = "<group>";
		};
		65B16B9F18BC16F7003AA819 /* InfoPlist.strings */ = {
			isa = PBXVariantGroup;
			children = (
				65B16BA018BC16F7003AA819 /* en */,
			);
			name = InfoPlist.strings;
			sourceTree = "<group>";
		};
/* End PBXVariantGroup section */

/* Begin XCBuildConfiguration section */
		62380E121D3CCC2B00CF2135 /* Debug */ = {
			isa = XCBuildConfiguration;
			buildSettings = {
				APPLICATION_EXTENSION_API_ONLY = YES;
				CLANG_ANALYZER_NONNULL = YES;
				CLANG_WARN_UNREACHABLE_CODE = YES;
				CURRENT_PROJECT_VERSION = 1;
				DEBUG_INFORMATION_FORMAT = dwarf;
				DEFINES_MODULE = YES;
				DYLIB_COMPATIBILITY_VERSION = 1;
				DYLIB_CURRENT_VERSION = 1;
				DYLIB_INSTALL_NAME_BASE = "@rpath";
				ENABLE_STRICT_OBJC_MSGSEND = YES;
				GCC_NO_COMMON_BLOCKS = YES;
				GCC_WARN_UNINITIALIZED_AUTOS = YES_AGGRESSIVE;
				INFOPLIST_FILE = CLTokenInputView/Info.plist;
				INSTALL_PATH = "$(LOCAL_LIBRARY_DIR)/Frameworks";
				LD_RUNPATH_SEARCH_PATHS = "$(inherited) @executable_path/Frameworks @loader_path/Frameworks";
				MTL_ENABLE_DEBUG_INFO = YES;
				PRODUCT_BUNDLE_IDENTIFIER = com.getcluster.CLTokenInputViewFramework;
				PRODUCT_NAME = CLTokenInputView;
				SKIP_INSTALL = YES;
				TARGETED_DEVICE_FAMILY = "1,2";
				VERSIONING_SYSTEM = "apple-generic";
				VERSION_INFO_PREFIX = "";
			};
			name = Debug;
		};
		62380E131D3CCC2B00CF2135 /* Release */ = {
			isa = XCBuildConfiguration;
			buildSettings = {
				APPLICATION_EXTENSION_API_ONLY = YES;
				CLANG_ANALYZER_NONNULL = YES;
				CLANG_WARN_UNREACHABLE_CODE = YES;
				COPY_PHASE_STRIP = NO;
				CURRENT_PROJECT_VERSION = 1;
				DEBUG_INFORMATION_FORMAT = "dwarf-with-dsym";
				DEFINES_MODULE = YES;
				DYLIB_COMPATIBILITY_VERSION = 1;
				DYLIB_CURRENT_VERSION = 1;
				DYLIB_INSTALL_NAME_BASE = "@rpath";
				ENABLE_STRICT_OBJC_MSGSEND = YES;
				GCC_NO_COMMON_BLOCKS = YES;
				GCC_WARN_UNINITIALIZED_AUTOS = YES_AGGRESSIVE;
				INFOPLIST_FILE = CLTokenInputView/Info.plist;
				INSTALL_PATH = "$(LOCAL_LIBRARY_DIR)/Frameworks";
				LD_RUNPATH_SEARCH_PATHS = "$(inherited) @executable_path/Frameworks @loader_path/Frameworks";
				MTL_ENABLE_DEBUG_INFO = NO;
				PRODUCT_BUNDLE_IDENTIFIER = com.getcluster.CLTokenInputViewFramework;
				PRODUCT_NAME = CLTokenInputView;
				SKIP_INSTALL = YES;
				TARGETED_DEVICE_FAMILY = "1,2";
				VERSIONING_SYSTEM = "apple-generic";
				VERSION_INFO_PREFIX = "";
			};
			name = Release;
		};
		65B16BA418BC16F7003AA819 /* Debug */ = {
			isa = XCBuildConfiguration;
			buildSettings = {
				ALWAYS_SEARCH_USER_PATHS = NO;
				CLANG_CXX_LANGUAGE_STANDARD = "gnu++0x";
				CLANG_CXX_LIBRARY = "libc++";
				CLANG_ENABLE_MODULES = YES;
				CLANG_ENABLE_OBJC_ARC = YES;
				CLANG_WARN_BOOL_CONVERSION = YES;
				CLANG_WARN_CONSTANT_CONVERSION = YES;
				CLANG_WARN_DIRECT_OBJC_ISA_USAGE = YES_ERROR;
				CLANG_WARN_EMPTY_BODY = YES;
				CLANG_WARN_ENUM_CONVERSION = YES;
				CLANG_WARN_INT_CONVERSION = YES;
				CLANG_WARN_OBJC_ROOT_CLASS = YES_ERROR;
				CLANG_WARN__DUPLICATE_METHOD_MATCH = YES;
				"CODE_SIGN_IDENTITY[sdk=iphoneos*]" = "iPhone Developer";
				COPY_PHASE_STRIP = NO;
				ENABLE_TESTABILITY = YES;
				GCC_C_LANGUAGE_STANDARD = gnu99;
				GCC_DYNAMIC_NO_PIC = NO;
				GCC_OPTIMIZATION_LEVEL = 0;
				GCC_PREPROCESSOR_DEFINITIONS = (
					"DEBUG=1",
					"$(inherited)",
				);
				GCC_SYMBOLS_PRIVATE_EXTERN = NO;
				GCC_WARN_64_TO_32_BIT_CONVERSION = YES;
				GCC_WARN_ABOUT_RETURN_TYPE = YES_ERROR;
				GCC_WARN_UNDECLARED_SELECTOR = YES;
				GCC_WARN_UNINITIALIZED_AUTOS = YES;
				GCC_WARN_UNUSED_FUNCTION = YES;
				GCC_WARN_UNUSED_VARIABLE = YES;
				IPHONEOS_DEPLOYMENT_TARGET = 8.0;
				ONLY_ACTIVE_ARCH = YES;
				SDKROOT = iphoneos;
			};
			name = Debug;
		};
		65B16BA518BC16F7003AA819 /* Release */ = {
			isa = XCBuildConfiguration;
			buildSettings = {
				ALWAYS_SEARCH_USER_PATHS = NO;
				CLANG_CXX_LANGUAGE_STANDARD = "gnu++0x";
				CLANG_CXX_LIBRARY = "libc++";
				CLANG_ENABLE_MODULES = YES;
				CLANG_ENABLE_OBJC_ARC = YES;
				CLANG_WARN_BOOL_CONVERSION = YES;
				CLANG_WARN_CONSTANT_CONVERSION = YES;
				CLANG_WARN_DIRECT_OBJC_ISA_USAGE = YES_ERROR;
				CLANG_WARN_EMPTY_BODY = YES;
				CLANG_WARN_ENUM_CONVERSION = YES;
				CLANG_WARN_INT_CONVERSION = YES;
				CLANG_WARN_OBJC_ROOT_CLASS = YES_ERROR;
				CLANG_WARN__DUPLICATE_METHOD_MATCH = YES;
				"CODE_SIGN_IDENTITY[sdk=iphoneos*]" = "iPhone Developer";
				COPY_PHASE_STRIP = YES;
				ENABLE_NS_ASSERTIONS = NO;
				GCC_C_LANGUAGE_STANDARD = gnu99;
				GCC_WARN_64_TO_32_BIT_CONVERSION = YES;
				GCC_WARN_ABOUT_RETURN_TYPE = YES_ERROR;
				GCC_WARN_UNDECLARED_SELECTOR = YES;
				GCC_WARN_UNINITIALIZED_AUTOS = YES;
				GCC_WARN_UNUSED_FUNCTION = YES;
				GCC_WARN_UNUSED_VARIABLE = YES;
				IPHONEOS_DEPLOYMENT_TARGET = 8.0;
				SDKROOT = iphoneos;
				VALIDATE_PRODUCT = YES;
			};
			name = Release;
		};
		65B16BA718BC16F7003AA819 /* Debug */ = {
			isa = XCBuildConfiguration;
			buildSettings = {
				ASSETCATALOG_COMPILER_APPICON_NAME = AppIcon;
				ASSETCATALOG_COMPILER_LAUNCHIMAGE_NAME = LaunchImage;
				GCC_PRECOMPILE_PREFIX_HEADER = YES;
				INFOPLIST_FILE = CLTokenInputViewExample/Info.plist;
				LD_RUNPATH_SEARCH_PATHS = "$(inherited) @executable_path/Frameworks";
				PRODUCT_BUNDLE_IDENTIFIER = "com.getcluster.${PRODUCT_NAME:rfc1034identifier}";
				PRODUCT_NAME = "$(TARGET_NAME)";
				WRAPPER_EXTENSION = app;
			};
			name = Debug;
		};
		65B16BA818BC16F7003AA819 /* Release */ = {
			isa = XCBuildConfiguration;
			buildSettings = {
				ASSETCATALOG_COMPILER_APPICON_NAME = AppIcon;
				ASSETCATALOG_COMPILER_LAUNCHIMAGE_NAME = LaunchImage;
				GCC_PRECOMPILE_PREFIX_HEADER = YES;
				INFOPLIST_FILE = CLTokenInputViewExample/Info.plist;
				LD_RUNPATH_SEARCH_PATHS = "$(inherited) @executable_path/Frameworks";
				PRODUCT_BUNDLE_IDENTIFIER = "com.getcluster.${PRODUCT_NAME:rfc1034identifier}";
				PRODUCT_NAME = "$(TARGET_NAME)";
				WRAPPER_EXTENSION = app;
			};
			name = Release;
		};
		65B16BAA18BC16F7003AA819 /* Debug */ = {
			isa = XCBuildConfiguration;
			buildSettings = {
				BUNDLE_LOADER = "$(BUILT_PRODUCTS_DIR)/CLTokenInputView.app/CLTokenInputView";
				FRAMEWORK_SEARCH_PATHS = (
					"$(SDKROOT)/Developer/Library/Frameworks",
					"$(inherited)",
					"$(DEVELOPER_FRAMEWORKS_DIR)",
				);
				GCC_PRECOMPILE_PREFIX_HEADER = YES;
				GCC_PREFIX_HEADER = "CLTokenInputView/CLTokenInputView-Prefix.pch";
				GCC_PREPROCESSOR_DEFINITIONS = (
					"DEBUG=1",
					"$(inherited)",
				);
				INFOPLIST_FILE = CLTokenInputViewTests/Info.plist;
				PRODUCT_BUNDLE_IDENTIFIER = "com.getcluster.${PRODUCT_NAME:rfc1034identifier}";
				PRODUCT_NAME = "$(TARGET_NAME)";
				TEST_HOST = "$(BUNDLE_LOADER)";
				WRAPPER_EXTENSION = xctest;
			};
			name = Debug;
		};
		65B16BAB18BC16F7003AA819 /* Release */ = {
			isa = XCBuildConfiguration;
			buildSettings = {
				BUNDLE_LOADER = "$(BUILT_PRODUCTS_DIR)/CLTokenInputView.app/CLTokenInputView";
				FRAMEWORK_SEARCH_PATHS = (
					"$(SDKROOT)/Developer/Library/Frameworks",
					"$(inherited)",
					"$(DEVELOPER_FRAMEWORKS_DIR)",
				);
				GCC_PRECOMPILE_PREFIX_HEADER = YES;
				GCC_PREFIX_HEADER = "CLTokenInputView/CLTokenInputView-Prefix.pch";
				INFOPLIST_FILE = CLTokenInputViewTests/Info.plist;
				PRODUCT_BUNDLE_IDENTIFIER = "com.getcluster.${PRODUCT_NAME:rfc1034identifier}";
				PRODUCT_NAME = "$(TARGET_NAME)";
				TEST_HOST = "$(BUNDLE_LOADER)";
				WRAPPER_EXTENSION = xctest;
			};
			name = Release;
		};
/* End XCBuildConfiguration section */

/* Begin XCConfigurationList section */
		62380E141D3CCC2B00CF2135 /* Build configuration list for PBXNativeTarget "CLTokenInputView" */ = {
			isa = XCConfigurationList;
			buildConfigurations = (
				62380E121D3CCC2B00CF2135 /* Debug */,
				62380E131D3CCC2B00CF2135 /* Release */,
			);
			defaultConfigurationIsVisible = 0;
			defaultConfigurationName = Release;
		};
		65B16B7518BC16F6003AA819 /* Build configuration list for PBXProject "CLTokenInputView" */ = {
			isa = XCConfigurationList;
			buildConfigurations = (
				65B16BA418BC16F7003AA819 /* Debug */,
				65B16BA518BC16F7003AA819 /* Release */,
			);
			defaultConfigurationIsVisible = 0;
			defaultConfigurationName = Release;
		};
		65B16BA618BC16F7003AA819 /* Build configuration list for PBXNativeTarget "CLTokenInputViewExample" */ = {
			isa = XCConfigurationList;
			buildConfigurations = (
				65B16BA718BC16F7003AA819 /* Debug */,
				65B16BA818BC16F7003AA819 /* Release */,
			);
			defaultConfigurationIsVisible = 0;
			defaultConfigurationName = Release;
		};
		65B16BA918BC16F7003AA819 /* Build configuration list for PBXNativeTarget "CLTokenInputViewTests" */ = {
			isa = XCConfigurationList;
			buildConfigurations = (
				65B16BAA18BC16F7003AA819 /* Debug */,
				65B16BAB18BC16F7003AA819 /* Release */,
			);
			defaultConfigurationIsVisible = 0;
			defaultConfigurationName = Release;
		};
/* End XCConfigurationList section */
	};
	rootObject = 65B16B7218BC16F6003AA819 /* Project object */;
}
